
Microsoft Visual Studio Solution File, Format Version 12.00
# Visual Studio Version 16
VisualStudioVersion = 16.0.29326.143
MinimumVisualStudioVersion = 10.0.40219.1
Project("{FAE04EC0-301F-11D3-BF4B-00C04F79EFBC}") = "Constructor Example", "Constructor Example\Constructor Example.csproj", "{CA00917C-9DAD-460B-8B48-D2E27C03BE4E}"
EndProject
Global
	GlobalSection(SolutionConfigurationPlatforms) = preSolution
		Debug|Any CPU = Debug|Any CPU
		Release|Any CPU = Release|Any CPU
	EndGlobalSection
	GlobalSection(ProjectConfigurationPlatforms) = postSolution
		{CA00917C-9DAD-460B-8B48-D2E27C03BE4E}.Debug|Any CPU.ActiveCfg = Debug|Any CPU
		{CA00917C-9DAD-460B-8B48-D2E27C03BE4E}.Debug|Any CPU.Build.0 = Debug|Any CPU
		{CA00917C-9DAD-460B-8B48-D2E27C03BE4E}.Release|Any CPU.ActiveCfg = Release|Any CPU
		{CA00917C-9DAD-460B-8B48-D2E27C03BE4E}.Release|Any CPU.Build.0 = Release|Any CPU
	EndGlobalSection
	GlobalSection(SolutionProperties) = preSolution
		HideSolutionNode = FALSE
	EndGlobalSection
	GlobalSection(ExtensibilityGlobals) = postSolution
		SolutionGuid = {CF573CFC-169F-49C5-ACEF-467CF9E7BA22}
	EndGlobalSection
EndGlobal
